
Microsoft Visual Studio Solution File, Format Version 12.00
# Visual Studio Version 17
VisualStudioVersion = 17.8.34525.116
MinimumVisualStudioVersion = 10.0.40219.1
Project("{9A19103F-16F7-4668-BE54-9A1E7A4F7556}") = "RandomEvents", "RandomEvents.csproj", "{969DB1E9-50C6-4F1C-8189-525CA9C6570D}"
EndProject
Global
	GlobalSection(SolutionConfigurationPlatforms) = preSolution
		Debug|Any CPU = Debug|Any CPU
		Release|Any CPU = Release|Any CPU
	EndGlobalSection
	GlobalSection(ProjectConfigurationPlatforms) = postSolution
		{969DB1E9-50C6-4F1C-8189-525CA9C6570D}.Debug|Any CPU.ActiveCfg = Debug|Any CPU
		{969DB1E9-50C6-4F1C-8189-525CA9C6570D}.Debug|Any CPU.Build.0 = Debug|Any CPU
		{969DB1E9-50C6-4F1C-8189-525CA9C6570D}.Release|Any CPU.ActiveCfg = Release|Any CPU
		{969DB1E9-50C6-4F1C-8189-525CA9C6570D}.Release|Any CPU.Build.0 = Release|Any CPU
	EndGlobalSection
	GlobalSection(SolutionProperties) = preSolution
		HideSolutionNode = FALSE
	EndGlobalSection
	GlobalSection(ExtensibilityGlobals) = postSolution
		SolutionGuid = {17BDAB34-FD1E-40A6-A5B0-0C9B4719E4CA}
	EndGlobalSection
EndGlobal
